
Microsoft Visual Studio Solution File, Format Version 12.00
Project("{FAE04EC0-301F-11D3-BF4B-00C04F79EFBC}") = "Api", "Api\Api.csproj", "{EB518F9F-DE3E-458C-9C4C-8DE1A87C9F8C}"
EndProject
Project("{FAE04EC0-301F-11D3-BF4B-00C04F79EFBC}") = "Core", "Core\Core.csproj", "{A82C55E8-156E-4399-A1B7-E6B004FBD823}"
EndProject
Project("{FAE04EC0-301F-11D3-BF4B-00C04F79EFBC}") = "DAL", "DAL\DAL.csproj", "{D205B845-6B00-4C2E-A863-CD4089E04FAE}"
EndProject
Global
	GlobalSection(SolutionConfigurationPlatforms) = preSolution
		Debug|Any CPU = Debug|Any CPU
		Release|Any CPU = Release|Any CPU
	EndGlobalSection
	GlobalSection(ProjectConfigurationPlatforms) = postSolution
		{EB518F9F-DE3E-458C-9C4C-8DE1A87C9F8C}.Debug|Any CPU.ActiveCfg = Debug|Any CPU
		{EB518F9F-DE3E-458C-9C4C-8DE1A87C9F8C}.Debug|Any CPU.Build.0 = Debug|Any CPU
		{EB518F9F-DE3E-458C-9C4C-8DE1A87C9F8C}.Release|Any CPU.ActiveCfg = Release|Any CPU
		{EB518F9F-DE3E-458C-9C4C-8DE1A87C9F8C}.Release|Any CPU.Build.0 = Release|Any CPU
		{A82C55E8-156E-4399-A1B7-E6B004FBD823}.Debug|Any CPU.ActiveCfg = Debug|Any CPU
		{A82C55E8-156E-4399-A1B7-E6B004FBD823}.Debug|Any CPU.Build.0 = Debug|Any CPU
		{A82C55E8-156E-4399-A1B7-E6B004FBD823}.Release|Any CPU.ActiveCfg = Release|Any CPU
		{A82C55E8-156E-4399-A1B7-E6B004FBD823}.Release|Any CPU.Build.0 = Release|Any CPU
		{D205B845-6B00-4C2E-A863-CD4089E04FAE}.Debug|Any CPU.ActiveCfg = Debug|Any CPU
		{D205B845-6B00-4C2E-A863-CD4089E04FAE}.Debug|Any CPU.Build.0 = Debug|Any CPU
		{D205B845-6B00-4C2E-A863-CD4089E04FAE}.Release|Any CPU.ActiveCfg = Release|Any CPU
		{D205B845-6B00-4C2E-A863-CD4089E04FAE}.Release|Any CPU.Build.0 = Release|Any CPU
	EndGlobalSection
EndGlobal
